
Microsoft Visual Studio Solution File, Format Version 12.00
# Visual Studio Version 17
VisualStudioVersion = 17.9.34714.143
MinimumVisualStudioVersion = 10.0.40219.1
Project("{FAE04EC0-301F-11D3-BF4B-00C04F79EFBC}") = "markez_ahl_alquran", "markez_ahl_alquran\markez_ahl_alquran.csproj", "{74CE0342-68F3-4C70-8264-C15A7B1B7653}"
EndProject
Global
	GlobalSection(SolutionConfigurationPlatforms) = preSolution
		Debug|Any CPU = Debug|Any CPU
		Release|Any CPU = Release|Any CPU
	EndGlobalSection
	GlobalSection(ProjectConfigurationPlatforms) = postSolution
		{74CE0342-68F3-4C70-8264-C15A7B1B7653}.Debug|Any CPU.ActiveCfg = Debug|Any CPU
		{74CE0342-68F3-4C70-8264-C15A7B1B7653}.Debug|Any CPU.Build.0 = Debug|Any CPU
		{74CE0342-68F3-4C70-8264-C15A7B1B7653}.Release|Any CPU.ActiveCfg = Release|Any CPU
		{74CE0342-68F3-4C70-8264-C15A7B1B7653}.Release|Any CPU.Build.0 = Release|Any CPU
	EndGlobalSection
	GlobalSection(SolutionProperties) = preSolution
		HideSolutionNode = FALSE
	EndGlobalSection
	GlobalSection(ExtensibilityGlobals) = postSolution
		SolutionGuid = {C0E7DB3C-023C-4799-9D2A-02170B4C7CEB}
	EndGlobalSection
EndGlobal
